
Microsoft Visual Studio Solution File, Format Version 12.00
# Visual Studio Version 17
VisualStudioVersion = 17.1.32407.343
MinimumVisualStudioVersion = 10.0.40219.1
Project("{9A19103F-16F7-4668-BE54-9A1E7A4F7556}") = "SignalR", "SignalR\SignalR.csproj", "{9E5DAFB5-F82A-4550-960A-1175547BAF00}"
EndProject
Project("{FAE04EC0-301F-11D3-BF4B-00C04F79EFBC}") = "SignalR.Web", "..\SignalR.Web\SignalR.Web.csproj", "{7B98AC15-511E-4599-A74B-9FAC79C41304}"
EndProject
Global
	GlobalSection(SolutionConfigurationPlatforms) = preSolution
		Debug|Any CPU = Debug|Any CPU
		Release|Any CPU = Release|Any CPU
	EndGlobalSection
	GlobalSection(ProjectConfigurationPlatforms) = postSolution
		{9E5DAFB5-F82A-4550-960A-1175547BAF00}.Debug|Any CPU.ActiveCfg = Debug|Any CPU
		{9E5DAFB5-F82A-4550-960A-1175547BAF00}.Debug|Any CPU.Build.0 = Debug|Any CPU
		{9E5DAFB5-F82A-4550-960A-1175547BAF00}.Release|Any CPU.ActiveCfg = Release|Any CPU
		{9E5DAFB5-F82A-4550-960A-1175547BAF00}.Release|Any CPU.Build.0 = Release|Any CPU
		{7B98AC15-511E-4599-A74B-9FAC79C41304}.Debug|Any CPU.ActiveCfg = Debug|Any CPU
		{7B98AC15-511E-4599-A74B-9FAC79C41304}.Debug|Any CPU.Build.0 = Debug|Any CPU
		{7B98AC15-511E-4599-A74B-9FAC79C41304}.Release|Any CPU.ActiveCfg = Release|Any CPU
		{7B98AC15-511E-4599-A74B-9FAC79C41304}.Release|Any CPU.Build.0 = Release|Any CPU
	EndGlobalSection
	GlobalSection(SolutionProperties) = preSolution
		HideSolutionNode = FALSE
	EndGlobalSection
	GlobalSection(ExtensibilityGlobals) = postSolution
		SolutionGuid = {B8A07237-1EF2-4791-8D8C-E9AEE594A910}
	EndGlobalSection
EndGlobal
